// !$*UTF8*$!
{
	archiveVersion = 1;
	classes = {
	};
	objectVersion = 50;
	objects = {

/* Begin PBXBuildFile section */
		80393A2724E03C8600F074B2 /* ColorController.swift in Sources */ = {isa = PBXBuildFile; fileRef = 80393A2524E03C8600F074B2 /* ColorController.swift */; };
		8059B35124D95D620082B2B3 /* Exercises.plist in Resources */ = {isa = PBXBuildFile; fileRef = 8059B35024D95D620082B2B3 /* Exercises.plist */; };
		8059B35524DAC91E0082B2B3 /* StatusMenuController.swift in Sources */ = {isa = PBXBuildFile; fileRef = 8059B35424DAC91E0082B2B3 /* StatusMenuController.swift */; };
		806C0E9424EAF9EA001E6314 /* AppDelegate.swift in Sources */ = {isa = PBXBuildFile; fileRef = 806C0E9324EAF9EA001E6314 /* AppDelegate.swift */; };
		806C0E9824EAF9EC001E6314 /* Assets.xcassets in Resources */ = {isa = PBXBuildFile; fileRef = 806C0E9724EAF9EC001E6314 /* Assets.xcassets */; };
		806C0E9B24EAF9EC001E6314 /* Main.storyboard in Resources */ = {isa = PBXBuildFile; fileRef = 806C0E9924EAF9EC001E6314 /* Main.storyboard */; };
		806C0EA224EAFA7D001E6314 /* LauncherApplication.app in CopyFiles */ = {isa = PBXBuildFile; fileRef = 806C0E9124EAF9EA001E6314 /* LauncherApplication.app */; settings = {ATTRIBUTES = (RemoveHeadersOnCopy, ); }; };
		806C0EA524EAFAAA001E6314 /* ServiceManagement.framework in Frameworks */ = {isa = PBXBuildFile; fileRef = 806C0EA424EAFAAA001E6314 /* ServiceManagement.framework */; };
		806C0EA724EAFC29001E6314 /* Cocoa.framework in Frameworks */ = {isa = PBXBuildFile; fileRef = 806C0EA624EAFC29001E6314 /* Cocoa.framework */; };
		80856E6B24D4247A000CA7E6 /* AppDelegate.swift in Sources */ = {isa = PBXBuildFile; fileRef = 80856E6A24D4247A000CA7E6 /* AppDelegate.swift */; };
		80856E6D24D4247A000CA7E6 /* ViewController.swift in Sources */ = {isa = PBXBuildFile; fileRef = 80856E6C24D4247A000CA7E6 /* ViewController.swift */; };
		80856E6F24D4247D000CA7E6 /* Assets.xcassets in Resources */ = {isa = PBXBuildFile; fileRef = 80856E6E24D4247D000CA7E6 /* Assets.xcassets */; };
		80856E7224D4247D000CA7E6 /* Main.storyboard in Resources */ = {isa = PBXBuildFile; fileRef = 80856E7024D4247D000CA7E6 /* Main.storyboard */; };
		80856E7E24D4247D000CA7E6 /* dsTests.swift in Sources */ = {isa = PBXBuildFile; fileRef = 80856E7D24D4247D000CA7E6 /* dsTests.swift */; };
		80856E8924D4247E000CA7E6 /* dsUITests.swift in Sources */ = {isa = PBXBuildFile; fileRef = 80856E8824D4247E000CA7E6 /* dsUITests.swift */; };
		80904B7824DAFF75008D7013 /* NewExerciseController.swift in Sources */ = {isa = PBXBuildFile; fileRef = 80904B7624DAFF75008D7013 /* NewExerciseController.swift */; };
		80A6AEA824E1B5B2000F238F /* AdvancedController.swift in Sources */ = {isa = PBXBuildFile; fileRef = 80A6AEA624E1B5B2000F238F /* AdvancedController.swift */; };
		80D77BE124D72375000D7338 /* SettingsController.swift in Sources */ = {isa = PBXBuildFile; fileRef = 80D77BE024D72375000D7338 /* SettingsController.swift */; };
		80D77BE324D73447000D7338 /* GraphView.swift in Sources */ = {isa = PBXBuildFile; fileRef = 80D77BE224D73447000D7338 /* GraphView.swift */; };
		80D7A2B724DAF0DF008FFE36 /* AboutController.swift in Sources */ = {isa = PBXBuildFile; fileRef = 80D7A2B624DAF0DF008FFE36 /* AboutController.swift */; };
/* End PBXBuildFile section */

/* Begin PBXContainerItemProxy section */
		80856E7A24D4247D000CA7E6 /* PBXContainerItemProxy */ = {
			isa = PBXContainerItemProxy;
			containerPortal = 80856E5F24D4247A000CA7E6 /* Project object */;
			proxyType = 1;
			remoteGlobalIDString = 80856E6624D4247A000CA7E6;
			remoteInfo = ds;
		};
		80856E8524D4247D000CA7E6 /* PBXContainerItemProxy */ = {
			isa = PBXContainerItemProxy;
			containerPortal = 80856E5F24D4247A000CA7E6 /* Project object */;
			proxyType = 1;
			remoteGlobalIDString = 80856E6624D4247A000CA7E6;
			remoteInfo = ds;
		};
/* End PBXContainerItemProxy section */

/* Begin PBXCopyFilesBuildPhase section */
		806C0EA124EAFA5B001E6314 /* CopyFiles */ = {
			isa = PBXCopyFilesBuildPhase;
			buildActionMask = 2147483647;
			dstPath = Contents/Library/LoginItems;
			dstSubfolderSpec = 1;
			files = (
				806C0EA224EAFA7D001E6314 /* LauncherApplication.app in CopyFiles */,
			);
			runOnlyForDeploymentPostprocessing = 0;
		};
		80A6AEA524E1A2A7000F238F /* Embed App Extensions */ = {
			isa = PBXCopyFilesBuildPhase;
			buildActionMask = 2147483647;
			dstPath = "";
			dstSubfolderSpec = 13;
			files = (
			);
			name = "Embed App Extensions";
			runOnlyForDeploymentPostprocessing = 0;
		};
/* End PBXCopyFilesBuildPhase section */

/* Begin PBXFileReference section */
		80393A2524E03C8600F074B2 /* ColorController.swift */ = {isa = PBXFileReference; lastKnownFileType = sourcecode.swift; path = ColorController.swift; sourceTree = "<group>"; };
		8054E9672502A68B00E41FB5 /* ColorSync.framework */ = {isa = PBXFileReference; lastKnownFileType = wrapper.framework; name = ColorSync.framework; path = System/Library/Frameworks/ColorSync.framework; sourceTree = SDKROOT; };
		8059B35024D95D620082B2B3 /* Exercises.plist */ = {isa = PBXFileReference; lastKnownFileType = text.plist.xml; path = Exercises.plist; sourceTree = "<group>"; };
		8059B35424DAC91E0082B2B3 /* StatusMenuController.swift */ = {isa = PBXFileReference; lastKnownFileType = sourcecode.swift; path = StatusMenuController.swift; sourceTree = "<group>"; };
		806C0E9124EAF9EA001E6314 /* LauncherApplication.app */ = {isa = PBXFileReference; explicitFileType = wrapper.application; includeInIndex = 0; path = LauncherApplication.app; sourceTree = BUILT_PRODUCTS_DIR; };
		806C0E9324EAF9EA001E6314 /* AppDelegate.swift */ = {isa = PBXFileReference; lastKnownFileType = sourcecode.swift; path = AppDelegate.swift; sourceTree = "<group>"; };
		806C0E9724EAF9EC001E6314 /* Assets.xcassets */ = {isa = PBXFileReference; lastKnownFileType = folder.assetcatalog; path = Assets.xcassets; sourceTree = "<group>"; };
		806C0E9A24EAF9EC001E6314 /* Base */ = {isa = PBXFileReference; lastKnownFileType = file.storyboard; name = Base; path = Base.lproj/Main.storyboard; sourceTree = "<group>"; };
		806C0E9C24EAF9EC001E6314 /* Info.plist */ = {isa = PBXFileReference; lastKnownFileType = text.plist.xml; path = Info.plist; sourceTree = "<group>"; };
		806C0E9D24EAF9EC001E6314 /* LauncherApplication.entitlements */ = {isa = PBXFileReference; lastKnownFileType = text.plist.entitlements; path = LauncherApplication.entitlements; sourceTree = "<group>"; };
		806C0EA424EAFAAA001E6314 /* ServiceManagement.framework */ = {isa = PBXFileReference; lastKnownFileType = wrapper.framework; name = ServiceManagement.framework; path = System/Library/Frameworks/ServiceManagement.framework; sourceTree = SDKROOT; };
		806C0EA624EAFC29001E6314 /* Cocoa.framework */ = {isa = PBXFileReference; lastKnownFileType = wrapper.framework; name = Cocoa.framework; path = System/Library/Frameworks/Cocoa.framework; sourceTree = SDKROOT; };
		80856E6724D4247A000CA7E6 /* breathe.app */ = {isa = PBXFileReference; explicitFileType = wrapper.application; includeInIndex = 0; path = breathe.app; sourceTree = BUILT_PRODUCTS_DIR; };
		80856E6A24D4247A000CA7E6 /* AppDelegate.swift */ = {isa = PBXFileReference; lastKnownFileType = sourcecode.swift; path = AppDelegate.swift; sourceTree = "<group>"; };
		80856E6C24D4247A000CA7E6 /* ViewController.swift */ = {isa = PBXFileReference; lastKnownFileType = sourcecode.swift; path = ViewController.swift; sourceTree = "<group>"; };
		80856E6E24D4247D000CA7E6 /* Assets.xcassets */ = {isa = PBXFileReference; lastKnownFileType = folder.assetcatalog; path = Assets.xcassets; sourceTree = "<group>"; };
		80856E7124D4247D000CA7E6 /* Base */ = {isa = PBXFileReference; lastKnownFileType = file.storyboard; name = Base; path = Base.lproj/Main.storyboard; sourceTree = "<group>"; };
		80856E7324D4247D000CA7E6 /* Info.plist */ = {isa = PBXFileReference; lastKnownFileType = text.plist.xml; path = Info.plist; sourceTree = "<group>"; };
		80856E7424D4247D000CA7E6 /* ds.entitlements */ = {isa = PBXFileReference; lastKnownFileType = text.plist.entitlements; path = ds.entitlements; sourceTree = "<group>"; };
		80856E7924D4247D000CA7E6 /* breatheTests.xctest */ = {isa = PBXFileReference; explicitFileType = wrapper.cfbundle; includeInIndex = 0; path = breatheTests.xctest; sourceTree = BUILT_PRODUCTS_DIR; };
		80856E7D24D4247D000CA7E6 /* dsTests.swift */ = {isa = PBXFileReference; lastKnownFileType = sourcecode.swift; path = dsTests.swift; sourceTree = "<group>"; };
		80856E7F24D4247D000CA7E6 /* Info.plist */ = {isa = PBXFileReference; lastKnownFileType = text.plist.xml; path = Info.plist; sourceTree = "<group>"; };
		80856E8424D4247D000CA7E6 /* breatheUITests.xctest */ = {isa = PBXFileReference; explicitFileType = wrapper.cfbundle; includeInIndex = 0; path = breatheUITests.xctest; sourceTree = BUILT_PRODUCTS_DIR; };
		80856E8824D4247E000CA7E6 /* dsUITests.swift */ = {isa = PBXFileReference; lastKnownFileType = sourcecode.swift; path = dsUITests.swift; sourceTree = "<group>"; };
		80856E8A24D4247E000CA7E6 /* Info.plist */ = {isa = PBXFileReference; lastKnownFileType = text.plist.xml; path = Info.plist; sourceTree = "<group>"; };
		80904B7624DAFF75008D7013 /* NewExerciseController.swift */ = {isa = PBXFileReference; lastKnownFileType = sourcecode.swift; path = NewExerciseController.swift; sourceTree = "<group>"; };
		80A6AEA624E1B5B2000F238F /* AdvancedController.swift */ = {isa = PBXFileReference; lastKnownFileType = sourcecode.swift; path = AdvancedController.swift; sourceTree = "<group>"; };
		80D77BE024D72375000D7338 /* SettingsController.swift */ = {isa = PBXFileReference; lastKnownFileType = sourcecode.swift; path = SettingsController.swift; sourceTree = "<group>"; };
		80D77BE224D73447000D7338 /* GraphView.swift */ = {isa = PBXFileReference; lastKnownFileType = sourcecode.swift; path = GraphView.swift; sourceTree = "<group>"; };
		80D7A2B624DAF0DF008FFE36 /* AboutController.swift */ = {isa = PBXFileReference; lastKnownFileType = sourcecode.swift; path = AboutController.swift; sourceTree = "<group>"; };
/* End PBXFileReference section */

/* Begin PBXFrameworksBuildPhase section */
		806C0E8E24EAF9EA001E6314 /* Frameworks */ = {
			isa = PBXFrameworksBuildPhase;
			buildActionMask = 2147483647;
			files = (
			);
			runOnlyForDeploymentPostprocessing = 0;
		};
		80856E6424D4247A000CA7E6 /* Frameworks */ = {
			isa = PBXFrameworksBuildPhase;
			buildActionMask = 2147483647;
			files = (
				806C0EA724EAFC29001E6314 /* Cocoa.framework in Frameworks */,
				806C0EA524EAFAAA001E6314 /* ServiceManagement.framework in Frameworks */,
			);
			runOnlyForDeploymentPostprocessing = 0;
		};
		80856E7624D4247D000CA7E6 /* Frameworks */ = {
			isa = PBXFrameworksBuildPhase;
			buildActionMask = 2147483647;
			files = (
			);
			runOnlyForDeploymentPostprocessing = 0;
		};
		80856E8124D4247D000CA7E6 /* Frameworks */ = {
			isa = PBXFrameworksBuildPhase;
			buildActionMask = 2147483647;
			files = (
			);
			runOnlyForDeploymentPostprocessing = 0;
		};
/* End PBXFrameworksBuildPhase section */

/* Begin PBXGroup section */
		806C0E9224EAF9EA001E6314 /* LauncherApplication */ = {
			isa = PBXGroup;
			children = (
				806C0E9324EAF9EA001E6314 /* AppDelegate.swift */,
				806C0E9724EAF9EC001E6314 /* Assets.xcassets */,
				806C0E9924EAF9EC001E6314 /* Main.storyboard */,
				806C0E9C24EAF9EC001E6314 /* Info.plist */,
				806C0E9D24EAF9EC001E6314 /* LauncherApplication.entitlements */,
			);
			path = LauncherApplication;
			sourceTree = "<group>";
		};
		806C0EA324EAFAAA001E6314 /* Frameworks */ = {
			isa = PBXGroup;
			children = (
				8054E9672502A68B00E41FB5 /* ColorSync.framework */,
				806C0EA624EAFC29001E6314 /* Cocoa.framework */,
				806C0EA424EAFAAA001E6314 /* ServiceManagement.framework */,
			);
			name = Frameworks;
			sourceTree = "<group>";
		};
		80856E5E24D4247A000CA7E6 = {
			isa = PBXGroup;
			children = (
				80856E6924D4247A000CA7E6 /* ds */,
				80856E7C24D4247D000CA7E6 /* dsTests */,
				80856E8724D4247E000CA7E6 /* dsUITests */,
				806C0E9224EAF9EA001E6314 /* LauncherApplication */,
				80856E6824D4247A000CA7E6 /* Products */,
				806C0EA324EAFAAA001E6314 /* Frameworks */,
			);
			sourceTree = "<group>";
		};
		80856E6824D4247A000CA7E6 /* Products */ = {
			isa = PBXGroup;
			children = (
				80856E6724D4247A000CA7E6 /* breathe.app */,
				80856E7924D4247D000CA7E6 /* breatheTests.xctest */,
				80856E8424D4247D000CA7E6 /* breatheUITests.xctest */,
				806C0E9124EAF9EA001E6314 /* LauncherApplication.app */,
			);
			name = Products;
			sourceTree = "<group>";
		};
		80856E6924D4247A000CA7E6 /* ds */ = {
			isa = PBXGroup;
			children = (
				80D7A2B624DAF0DF008FFE36 /* AboutController.swift */,
				8059B35424DAC91E0082B2B3 /* StatusMenuController.swift */,
				80856E6C24D4247A000CA7E6 /* ViewController.swift */,
				80856E6A24D4247A000CA7E6 /* AppDelegate.swift */,
				80D77BE024D72375000D7338 /* SettingsController.swift */,
				80A6AEA624E1B5B2000F238F /* AdvancedController.swift */,
				80904B7624DAFF75008D7013 /* NewExerciseController.swift */,
				80393A2524E03C8600F074B2 /* ColorController.swift */,
				80D77BE224D73447000D7338 /* GraphView.swift */,
				80856E6E24D4247D000CA7E6 /* Assets.xcassets */,
				80856E7024D4247D000CA7E6 /* Main.storyboard */,
				80856E7324D4247D000CA7E6 /* Info.plist */,
				8059B35024D95D620082B2B3 /* Exercises.plist */,
				80856E7424D4247D000CA7E6 /* ds.entitlements */,
			);
			path = ds;
			sourceTree = "<group>";
		};
		80856E7C24D4247D000CA7E6 /* dsTests */ = {
			isa = PBXGroup;
			children = (
				80856E7D24D4247D000CA7E6 /* dsTests.swift */,
				80856E7F24D4247D000CA7E6 /* Info.plist */,
			);
			path = dsTests;
			sourceTree = "<group>";
		};
		80856E8724D4247E000CA7E6 /* dsUITests */ = {
			isa = PBXGroup;
			children = (
				80856E8824D4247E000CA7E6 /* dsUITests.swift */,
				80856E8A24D4247E000CA7E6 /* Info.plist */,
			);
			path = dsUITests;
			sourceTree = "<group>";
		};
/* End PBXGroup section */

/* Begin PBXNativeTarget section */
		806C0E9024EAF9EA001E6314 /* LauncherApplication */ = {
			isa = PBXNativeTarget;
			buildConfigurationList = 806C0E9E24EAF9EC001E6314 /* Build configuration list for PBXNativeTarget "LauncherApplication" */;
			buildPhases = (
				806C0E8D24EAF9EA001E6314 /* Sources */,
				806C0E8E24EAF9EA001E6314 /* Frameworks */,
				806C0E8F24EAF9EA001E6314 /* Resources */,
			);
			buildRules = (
			);
			dependencies = (
			);
			name = LauncherApplication;
			productName = LauncherApplication;
			productReference = 806C0E9124EAF9EA001E6314 /* LauncherApplication.app */;
			productType = "com.apple.product-type.application";
		};
		80856E6624D4247A000CA7E6 /* breathe */ = {
			isa = PBXNativeTarget;
			buildConfigurationList = 80856E8D24D4247E000CA7E6 /* Build configuration list for PBXNativeTarget "breathe" */;
			buildPhases = (
				80856E6324D4247A000CA7E6 /* Sources */,
				80856E6424D4247A000CA7E6 /* Frameworks */,
				80856E6524D4247A000CA7E6 /* Resources */,
				80A6AEA524E1A2A7000F238F /* Embed App Extensions */,
				806C0EA124EAFA5B001E6314 /* CopyFiles */,
			);
			buildRules = (
			);
			dependencies = (
			);
			name = breathe;
			productName = ds;
			productReference = 80856E6724D4247A000CA7E6 /* breathe.app */;
			productType = "com.apple.product-type.application";
		};
		80856E7824D4247D000CA7E6 /* breatheTests */ = {
			isa = PBXNativeTarget;
			buildConfigurationList = 80856E9024D4247E000CA7E6 /* Build configuration list for PBXNativeTarget "breatheTests" */;
			buildPhases = (
				80856E7524D4247D000CA7E6 /* Sources */,
				80856E7624D4247D000CA7E6 /* Frameworks */,
				80856E7724D4247D000CA7E6 /* Resources */,
			);
			buildRules = (
			);
			dependencies = (
				80856E7B24D4247D000CA7E6 /* PBXTargetDependency */,
			);
			name = breatheTests;
			productName = dsTests;
			productReference = 80856E7924D4247D000CA7E6 /* breatheTests.xctest */;
			productType = "com.apple.product-type.bundle.unit-test";
		};
		80856E8324D4247D000CA7E6 /* breatheUITests */ = {
			isa = PBXNativeTarget;
			buildConfigurationList = 80856E9324D4247E000CA7E6 /* Build configuration list for PBXNativeTarget "breatheUITests" */;
			buildPhases = (
				80856E8024D4247D000CA7E6 /* Sources */,
				80856E8124D4247D000CA7E6 /* Frameworks */,
				80856E8224D4247D000CA7E6 /* Resources */,
			);
			buildRules = (
			);
			dependencies = (
				80856E8624D4247D000CA7E6 /* PBXTargetDependency */,
			);
			name = breatheUITests;
			productName = dsUITests;
			productReference = 80856E8424D4247D000CA7E6 /* breatheUITests.xctest */;
			productType = "com.apple.product-type.bundle.ui-testing";
		};
/* End PBXNativeTarget section */

/* Begin PBXProject section */
		80856E5F24D4247A000CA7E6 /* Project object */ = {
			isa = PBXProject;
			attributes = {
				LastSwiftUpdateCheck = 1160;
				LastUpgradeCheck = 1160;
				ORGANIZATIONNAME = filipeisho;
				TargetAttributes = {
					806C0E9024EAF9EA001E6314 = {
						CreatedOnToolsVersion = 11.6;
					};
					80856E6624D4247A000CA7E6 = {
						CreatedOnToolsVersion = 11.6;
					};
					80856E7824D4247D000CA7E6 = {
						CreatedOnToolsVersion = 11.6;
						TestTargetID = 80856E6624D4247A000CA7E6;
					};
					80856E8324D4247D000CA7E6 = {
						CreatedOnToolsVersion = 11.6;
						TestTargetID = 80856E6624D4247A000CA7E6;
					};
				};
			};
			buildConfigurationList = 80856E6224D4247A000CA7E6 /* Build configuration list for PBXProject "breathe" */;
			compatibilityVersion = "Xcode 9.3";
			developmentRegion = en;
			hasScannedForEncodings = 0;
			knownRegions = (
				en,
				Base,
			);
			mainGroup = 80856E5E24D4247A000CA7E6;
			productRefGroup = 80856E6824D4247A000CA7E6 /* Products */;
			projectDirPath = "";
			projectRoot = "";
			targets = (
				80856E6624D4247A000CA7E6 /* breathe */,
				80856E7824D4247D000CA7E6 /* breatheTests */,
				80856E8324D4247D000CA7E6 /* breatheUITests */,
				806C0E9024EAF9EA001E6314 /* LauncherApplication */,
			);
		};
/* End PBXProject section */

/* Begin PBXResourcesBuildPhase section */
		806C0E8F24EAF9EA001E6314 /* Resources */ = {
			isa = PBXResourcesBuildPhase;
			buildActionMask = 2147483647;
			files = (
				806C0E9824EAF9EC001E6314 /* Assets.xcassets in Resources */,
				806C0E9B24EAF9EC001E6314 /* Main.storyboard in Resources */,
			);
			runOnlyForDeploymentPostprocessing = 0;
		};
		80856E6524D4247A000CA7E6 /* Resources */ = {
			isa = PBXResourcesBuildPhase;
			buildActionMask = 2147483647;
			files = (
				80856E6F24D4247D000CA7E6 /* Assets.xcassets in Resources */,
				8059B35124D95D620082B2B3 /* Exercises.plist in Resources */,
				80856E7224D4247D000CA7E6 /* Main.storyboard in Resources */,
			);
			runOnlyForDeploymentPostprocessing = 0;
		};
		80856E7724D4247D000CA7E6 /* Resources */ = {
			isa = PBXResourcesBuildPhase;
			buildActionMask = 2147483647;
			files = (
			);
			runOnlyForDeploymentPostprocessing = 0;
		};
		80856E8224D4247D000CA7E6 /* Resources */ = {
			isa = PBXResourcesBuildPhase;
			buildActionMask = 2147483647;
			files = (
			);
			runOnlyForDeploymentPostprocessing = 0;
		};
/* End PBXResourcesBuildPhase section */

/* Begin PBXSourcesBuildPhase section */
		806C0E8D24EAF9EA001E6314 /* Sources */ = {
			isa = PBXSourcesBuildPhase;
			buildActionMask = 2147483647;
			files = (
				806C0E9424EAF9EA001E6314 /* AppDelegate.swift in Sources */,
			);
			runOnlyForDeploymentPostprocessing = 0;
		};
		80856E6324D4247A000CA7E6 /* Sources */ = {
			isa = PBXSourcesBuildPhase;
			buildActionMask = 2147483647;
			files = (
				80D77BE124D72375000D7338 /* SettingsController.swift in Sources */,
				80856E6D24D4247A000CA7E6 /* ViewController.swift in Sources */,
				8059B35524DAC91E0082B2B3 /* StatusMenuController.swift in Sources */,
				80393A2724E03C8600F074B2 /* ColorController.swift in Sources */,
				80856E6B24D4247A000CA7E6 /* AppDelegate.swift in Sources */,
				80D77BE324D73447000D7338 /* GraphView.swift in Sources */,
				80904B7824DAFF75008D7013 /* NewExerciseController.swift in Sources */,
				80A6AEA824E1B5B2000F238F /* AdvancedController.swift in Sources */,
				80D7A2B724DAF0DF008FFE36 /* AboutController.swift in Sources */,
			);
			runOnlyForDeploymentPostprocessing = 0;
		};
		80856E7524D4247D000CA7E6 /* Sources */ = {
			isa = PBXSourcesBuildPhase;
			buildActionMask = 2147483647;
			files = (
				80856E7E24D4247D000CA7E6 /* dsTests.swift in Sources */,
			);
			runOnlyForDeploymentPostprocessing = 0;
		};
		80856E8024D4247D000CA7E6 /* Sources */ = {
			isa = PBXSourcesBuildPhase;
			buildActionMask = 2147483647;
			files = (
				80856E8924D4247E000CA7E6 /* dsUITests.swift in Sources */,
			);
			runOnlyForDeploymentPostprocessing = 0;
		};
/* End PBXSourcesBuildPhase section */

/* Begin PBXTargetDependency section */
		80856E7B24D4247D000CA7E6 /* PBXTargetDependency */ = {
			isa = PBXTargetDependency;
			target = 80856E6624D4247A000CA7E6 /* breathe */;
			targetProxy = 80856E7A24D4247D000CA7E6 /* PBXContainerItemProxy */;
		};
		80856E8624D4247D000CA7E6 /* PBXTargetDependency */ = {
			isa = PBXTargetDependency;
			target = 80856E6624D4247A000CA7E6 /* breathe */;
			targetProxy = 80856E8524D4247D000CA7E6 /* PBXContainerItemProxy */;
		};
/* End PBXTargetDependency section */

/* Begin PBXVariantGroup section */
		806C0E9924EAF9EC001E6314 /* Main.storyboard */ = {
			isa = PBXVariantGroup;
			children = (
				806C0E9A24EAF9EC001E6314 /* Base */,
			);
			name = Main.storyboard;
			sourceTree = "<group>";
		};
		80856E7024D4247D000CA7E6 /* Main.storyboard */ = {
			isa = PBXVariantGroup;
			children = (
				80856E7124D4247D000CA7E6 /* Base */,
			);
			name = Main.storyboard;
			sourceTree = "<group>";
		};
/* End PBXVariantGroup section */

/* Begin XCBuildConfiguration section */
		806C0E9F24EAF9EC001E6314 /* Debug */ = {
			isa = XCBuildConfiguration;
			buildSettings = {
				ASSETCATALOG_COMPILER_APPICON_NAME = AppIcon;
				CODE_SIGN_ENTITLEMENTS = LauncherApplication/LauncherApplication.entitlements;
				CODE_SIGN_STYLE = Automatic;
				COMBINE_HIDPI_IMAGES = YES;
				INFOPLIST_FILE = LauncherApplication/Info.plist;
				LD_RUNPATH_SEARCH_PATHS = (
					"$(inherited)",
					"@executable_path/../Frameworks",
				);
				MACOSX_DEPLOYMENT_TARGET = 10.15;
				PRODUCT_BUNDLE_IDENTIFIER = filipeisho.LauncherApplication;
				PRODUCT_NAME = "$(TARGET_NAME)";
				SKIP_INSTALL = YES;
				SWIFT_VERSION = 5.0;
			};
			name = Debug;
		};
		806C0EA024EAF9EC001E6314 /* Release */ = {
			isa = XCBuildConfiguration;
			buildSettings = {
				ASSETCATALOG_COMPILER_APPICON_NAME = AppIcon;
				CODE_SIGN_ENTITLEMENTS = LauncherApplication/LauncherApplication.entitlements;
				CODE_SIGN_STYLE = Automatic;
				COMBINE_HIDPI_IMAGES = YES;
				INFOPLIST_FILE = LauncherApplication/Info.plist;
				LD_RUNPATH_SEARCH_PATHS = (
					"$(inherited)",
					"@executable_path/../Frameworks",
				);
				MACOSX_DEPLOYMENT_TARGET = 10.15;
				PRODUCT_BUNDLE_IDENTIFIER = filipeisho.LauncherApplication;
				PRODUCT_NAME = "$(TARGET_NAME)";
				SKIP_INSTALL = YES;
				SWIFT_VERSION = 5.0;
			};
			name = Release;
		};
		80856E8B24D4247E000CA7E6 /* Debug */ = {
			isa = XCBuildConfiguration;
			buildSettings = {
				ALWAYS_SEARCH_USER_PATHS = NO;
				CLANG_ANALYZER_NONNULL = YES;
				CLANG_ANALYZER_NUMBER_OBJECT_CONVERSION = YES_AGGRESSIVE;
				CLANG_CXX_LANGUAGE_STANDARD = "gnu++14";
				CLANG_CXX_LIBRARY = "libc++";
				CLANG_ENABLE_MODULES = YES;
				CLANG_ENABLE_OBJC_ARC = YES;
				CLANG_ENABLE_OBJC_WEAK = YES;
				CLANG_WARN_BLOCK_CAPTURE_AUTORELEASING = YES;
				CLANG_WARN_BOOL_CONVERSION = YES;
				CLANG_WARN_COMMA = YES;
				CLANG_WARN_CONSTANT_CONVERSION = YES;
				CLANG_WARN_DEPRECATED_OBJC_IMPLEMENTATIONS = YES;
				CLANG_WARN_DIRECT_OBJC_ISA_USAGE = YES_ERROR;
				CLANG_WARN_DOCUMENTATION_COMMENTS = YES;
				CLANG_WARN_EMPTY_BODY = YES;
				CLANG_WARN_ENUM_CONVERSION = YES;
				CLANG_WARN_INFINITE_RECURSION = YES;
				CLANG_WARN_INT_CONVERSION = YES;
				CLANG_WARN_NON_LITERAL_NULL_CONVERSION = YES;
				CLANG_WARN_OBJC_IMPLICIT_RETAIN_SELF = YES;
				CLANG_WARN_OBJC_LITERAL_CONVERSION = YES;
				CLANG_WARN_OBJC_ROOT_CLASS = YES_ERROR;
				CLANG_WARN_RANGE_LOOP_ANALYSIS = YES;
				CLANG_WARN_STRICT_PROTOTYPES = YES;
				CLANG_WARN_SUSPICIOUS_MOVE = YES;
				CLANG_WARN_UNGUARDED_AVAILABILITY = YES_AGGRESSIVE;
				CLANG_WARN_UNREACHABLE_CODE = YES;
				CLANG_WARN__DUPLICATE_METHOD_MATCH = YES;
				COPY_PHASE_STRIP = NO;
				DEBUG_INFORMATION_FORMAT = dwarf;
				ENABLE_STRICT_OBJC_MSGSEND = YES;
				ENABLE_TESTABILITY = YES;
				GCC_C_LANGUAGE_STANDARD = gnu11;
				GCC_DYNAMIC_NO_PIC = NO;
				GCC_NO_COMMON_BLOCKS = YES;
				GCC_OPTIMIZATION_LEVEL = 0;
				GCC_PREPROCESSOR_DEFINITIONS = (
					"DEBUG=1",
					"$(inherited)",
				);
				GCC_WARN_64_TO_32_BIT_CONVERSION = YES;
				GCC_WARN_ABOUT_RETURN_TYPE = YES_ERROR;
				GCC_WARN_UNDECLARED_SELECTOR = YES;
				GCC_WARN_UNINITIALIZED_AUTOS = YES_AGGRESSIVE;
				GCC_WARN_UNUSED_FUNCTION = YES;
				GCC_WARN_UNUSED_VARIABLE = YES;
				MACOSX_DEPLOYMENT_TARGET = 10.10;
				MTL_ENABLE_DEBUG_INFO = INCLUDE_SOURCE;
				MTL_FAST_MATH = YES;
				ONLY_ACTIVE_ARCH = YES;
				SDKROOT = macosx;
				SWIFT_ACTIVE_COMPILATION_CONDITIONS = DEBUG;
				SWIFT_OPTIMIZATION_LEVEL = "-Onone";
			};
			name = Debug;
		};
		80856E8C24D4247E000CA7E6 /* Release */ = {
			isa = XCBuildConfiguration;
			buildSettings = {
				ALWAYS_SEARCH_USER_PATHS = NO;
				CLANG_ANALYZER_NONNULL = YES;
				CLANG_ANALYZER_NUMBER_OBJECT_CONVERSION = YES_AGGRESSIVE;
				CLANG_CXX_LANGUAGE_STANDARD = "gnu++14";
				CLANG_CXX_LIBRARY = "libc++";
				CLANG_ENABLE_MODULES = YES;
				CLANG_ENABLE_OBJC_ARC = YES;
				CLANG_ENABLE_OBJC_WEAK = YES;
				CLANG_WARN_BLOCK_CAPTURE_AUTORELEASING = YES;
				CLANG_WARN_BOOL_CONVERSION = YES;
				CLANG_WARN_COMMA = YES;
				CLANG_WARN_CONSTANT_CONVERSION = YES;
				CLANG_WARN_DEPRECATED_OBJC_IMPLEMENTATIONS = YES;
				CLANG_WARN_DIRECT_OBJC_ISA_USAGE = YES_ERROR;
				CLANG_WARN_DOCUMENTATION_COMMENTS = YES;
				CLANG_WARN_EMPTY_BODY = YES;
				CLANG_WARN_ENUM_CONVERSION = YES;
				CLANG_WARN_INFINITE_RECURSION = YES;
				CLANG_WARN_INT_CONVERSION = YES;
				CLANG_WARN_NON_LITERAL_NULL_CONVERSION = YES;
				CLANG_WARN_OBJC_IMPLICIT_RETAIN_SELF = YES;
				CLANG_WARN_OBJC_LITERAL_CONVERSION = YES;
				CLANG_WARN_OBJC_ROOT_CLASS = YES_ERROR;
				CLANG_WARN_RANGE_LOOP_ANALYSIS = YES;
				CLANG_WARN_STRICT_PROTOTYPES = YES;
				CLANG_WARN_SUSPICIOUS_MOVE = YES;
				CLANG_WARN_UNGUARDED_AVAILABILITY = YES_AGGRESSIVE;
				CLANG_WARN_UNREACHABLE_CODE = YES;
				CLANG_WARN__DUPLICATE_METHOD_MATCH = YES;
				COPY_PHASE_STRIP = NO;
				DEBUG_INFORMATION_FORMAT = "dwarf-with-dsym";
				ENABLE_NS_ASSERTIONS = NO;
				ENABLE_STRICT_OBJC_MSGSEND = YES;
				GCC_C_LANGUAGE_STANDARD = gnu11;
				GCC_NO_COMMON_BLOCKS = YES;
				GCC_WARN_64_TO_32_BIT_CONVERSION = YES;
				GCC_WARN_ABOUT_RETURN_TYPE = YES_ERROR;
				GCC_WARN_UNDECLARED_SELECTOR = YES;
				GCC_WARN_UNINITIALIZED_AUTOS = YES_AGGRESSIVE;
				GCC_WARN_UNUSED_FUNCTION = YES;
				GCC_WARN_UNUSED_VARIABLE = YES;
				MACOSX_DEPLOYMENT_TARGET = 10.10;
				MTL_ENABLE_DEBUG_INFO = NO;
				MTL_FAST_MATH = YES;
				SDKROOT = macosx;
				SWIFT_COMPILATION_MODE = wholemodule;
				SWIFT_OPTIMIZATION_LEVEL = "-O";
			};
			name = Release;
		};
		80856E8E24D4247E000CA7E6 /* Debug */ = {
			isa = XCBuildConfiguration;
			buildSettings = {
				ALWAYS_EMBED_SWIFT_STANDARD_LIBRARIES = YES;
				ASSETCATALOG_COMPILER_APPICON_NAME = AppIcon;
				CODE_SIGN_ENTITLEMENTS = ds/ds.entitlements;
				CODE_SIGN_IDENTITY = "-";
				CODE_SIGN_STYLE = Manual;
				COMBINE_HIDPI_IMAGES = YES;
				CURRENT_PROJECT_VERSION = 2.0.1;
				DEVELOPMENT_TEAM = "";
				EMBED_ASSET_PACKS_IN_PRODUCT_BUNDLE = YES;
				INFOPLIST_FILE = ds/Info.plist;
				LD_RUNPATH_SEARCH_PATHS = (
					"$(inherited)",
					"@executable_path/../Frameworks",
				);
				MACOSX_DEPLOYMENT_TARGET = 10.11;
				MARKETING_VERSION = 2.0.1;
				PRODUCT_BUNDLE_IDENTIFIER = filipeisho.breathe;
				PRODUCT_NAME = "$(TARGET_NAME)";
				PROVISIONING_PROFILE_SPECIFIER = "";
				SWIFT_VERSION = 5.0;
			};
			name = Debug;
		};
		80856E8F24D4247E000CA7E6 /* Release */ = {
			isa = XCBuildConfiguration;
			buildSettings = {
				ALWAYS_EMBED_SWIFT_STANDARD_LIBRARIES = YES;
				ASSETCATALOG_COMPILER_APPICON_NAME = AppIcon;
				CODE_SIGN_ENTITLEMENTS = ds/ds.entitlements;
				CODE_SIGN_IDENTITY = "-";
				CODE_SIGN_STYLE = Manual;
				COMBINE_HIDPI_IMAGES = YES;
				CURRENT_PROJECT_VERSION = 2.0.1;
				DEVELOPMENT_TEAM = "";
				EMBED_ASSET_PACKS_IN_PRODUCT_BUNDLE = YES;
				INFOPLIST_FILE = ds/Info.plist;
				LD_RUNPATH_SEARCH_PATHS = (
					"$(inherited)",
					"@executable_path/../Frameworks",
				);
				MACOSX_DEPLOYMENT_TARGET = 10.11;
				MARKETING_VERSION = 2.0.1;
				PRODUCT_BUNDLE_IDENTIFIER = filipeisho.breathe;
				PRODUCT_NAME = "$(TARGET_NAME)";
				PROVISIONING_PROFILE_SPECIFIER = "";
				SWIFT_VERSION = 5.0;
			};
			name = Release;
		};
		80856E9124D4247E000CA7E6 /* Debug */ = {
			isa = XCBuildConfiguration;
			buildSettings = {
				ALWAYS_EMBED_SWIFT_STANDARD_LIBRARIES = YES;
				BUNDLE_LOADER = "$(TEST_HOST)";
				CODE_SIGN_STYLE = Automatic;
				COMBINE_HIDPI_IMAGES = YES;
				INFOPLIST_FILE = dsTests/Info.plist;
				LD_RUNPATH_SEARCH_PATHS = (
					"$(inherited)",
					"@executable_path/../Frameworks",
					"@loader_path/../Frameworks",
				);
				MACOSX_DEPLOYMENT_TARGET = 10.15;
				PRODUCT_BUNDLE_IDENTIFIER = filipeisho.dsTests;
				PRODUCT_NAME = "$(TARGET_NAME)";
				SWIFT_VERSION = 5.0;
				TEST_HOST = "$(BUILT_PRODUCTS_DIR)/breathe.app/Contents/MacOS/breathe";
			};
			name = Debug;
		};
		80856E9224D4247E000CA7E6 /* Release */ = {
			isa = XCBuildConfiguration;
			buildSettings = {
				ALWAYS_EMBED_SWIFT_STANDARD_LIBRARIES = YES;
				BUNDLE_LOADER = "$(TEST_HOST)";
				CODE_SIGN_STYLE = Automatic;
				COMBINE_HIDPI_IMAGES = YES;
				INFOPLIST_FILE = dsTests/Info.plist;
				LD_RUNPATH_SEARCH_PATHS = (
					"$(inherited)",
					"@executable_path/../Frameworks",
					"@loader_path/../Frameworks",
				);
				MACOSX_DEPLOYMENT_TARGET = 10.15;
				PRODUCT_BUNDLE_IDENTIFIER = filipeisho.dsTests;
				PRODUCT_NAME = "$(TARGET_NAME)";
				SWIFT_VERSION = 5.0;
				TEST_HOST = "$(BUILT_PRODUCTS_DIR)/breathe.app/Contents/MacOS/breathe";
			};
			name = Release;
		};
		80856E9424D4247E000CA7E6 /* Debug */ = {
			isa = XCBuildConfiguration;
			buildSettings = {
				ALWAYS_EMBED_SWIFT_STANDARD_LIBRARIES = YES;
				CODE_SIGN_STYLE = Automatic;
				COMBINE_HIDPI_IMAGES = YES;
				INFOPLIST_FILE = dsUITests/Info.plist;
				LD_RUNPATH_SEARCH_PATHS = (
					"$(inherited)",
					"@executable_path/../Frameworks",
					"@loader_path/../Frameworks",
				);
				PRODUCT_BUNDLE_IDENTIFIER = filipeisho.dsUITests;
				PRODUCT_NAME = "$(TARGET_NAME)";
				SWIFT_VERSION = 5.0;
				TEST_TARGET_NAME = ds;
			};
			name = Debug;
		};
		80856E9524D4247E000CA7E6 /* Release */ = {
			isa = XCBuildConfiguration;
			buildSettings = {
				ALWAYS_EMBED_SWIFT_STANDARD_LIBRARIES = YES;
				CODE_SIGN_STYLE = Automatic;
				COMBINE_HIDPI_IMAGES = YES;
				INFOPLIST_FILE = dsUITests/Info.plist;
				LD_RUNPATH_SEARCH_PATHS = (
					"$(inherited)",
					"@executable_path/../Frameworks",
					"@loader_path/../Frameworks",
				);
				PRODUCT_BUNDLE_IDENTIFIER = filipeisho.dsUITests;
				PRODUCT_NAME = "$(TARGET_NAME)";
				SWIFT_VERSION = 5.0;
				TEST_TARGET_NAME = ds;
			};
			name = Release;
		};
/* End XCBuildConfiguration section */

/* Begin XCConfigurationList section */
		806C0E9E24EAF9EC001E6314 /* Build configuration list for PBXNativeTarget "LauncherApplication" */ = {
			isa = XCConfigurationList;
			buildConfigurations = (
				806C0E9F24EAF9EC001E6314 /* Debug */,
				806C0EA024EAF9EC001E6314 /* Release */,
			);
			defaultConfigurationIsVisible = 0;
			defaultConfigurationName = Release;
		};
		80856E6224D4247A000CA7E6 /* Build configuration list for PBXProject "breathe" */ = {
			isa = XCConfigurationList;
			buildConfigurations = (
				80856E8B24D4247E000CA7E6 /* Debug */,
				80856E8C24D4247E000CA7E6 /* Release */,
			);
			defaultConfigurationIsVisible = 0;
			defaultConfigurationName = Release;
		};
		80856E8D24D4247E000CA7E6 /* Build configuration list for PBXNativeTarget "breathe" */ = {
			isa = XCConfigurationList;
			buildConfigurations = (
				80856E8E24D4247E000CA7E6 /* Debug */,
				80856E8F24D4247E000CA7E6 /* Release */,
			);
			defaultConfigurationIsVisible = 0;
			defaultConfigurationName = Release;
		};
		80856E9024D4247E000CA7E6 /* Build configuration list for PBXNativeTarget "breatheTests" */ = {
			isa = XCConfigurationList;
			buildConfigurations = (
				80856E9124D4247E000CA7E6 /* Debug */,
				80856E9224D4247E000CA7E6 /* Release */,
			);
			defaultConfigurationIsVisible = 0;
			defaultConfigurationName = Release;
		};
		80856E9324D4247E000CA7E6 /* Build configuration list for PBXNativeTarget "breatheUITests" */ = {
			isa = XCConfigurationList;
			buildConfigurations = (
				80856E9424D4247E000CA7E6 /* Debug */,
				80856E9524D4247E000CA7E6 /* Release */,
			);
			defaultConfigurationIsVisible = 0;
			defaultConfigurationName = Release;
		};
/* End XCConfigurationList section */
	};
	rootObject = 80856E5F24D4247A000CA7E6 /* Project object */;
}
